dependencies:
- name: elasticsearch
  repository: https://helm.elastic.co/
  version: 7.7.0
- name: postgresql
  repository: https://charts.bitnami.com/bitnami
  version: 11.9.1
- name: rabbitmq
  repository: https://charts.bitnami.com/bitnami
  version: 10.3.2
digest: sha256:bd3fd826c33c00fa771048c7cfa5319ff57e3c07b383d8792b415e886a33c30e
generated: "2022-09-17T11:39:55.294579887+01:00"
