dependencies:
- name: elasticsearch
  repository: https://helm.elastic.co/
  version: 8.5.1
- name: postgresql
  repository: https://charts.bitnami.com/bitnami
  version: 11.9.1
- name: rabbitmq
  repository: https://charts.bitnami.com/bitnami
  version: 10.3.2
digest: sha256:2ddd13002c34d46ed48b16d31a224dfcd9fb3d68a4e0766500a710436e2a791f
generated: "2022-11-26T19:01:23.093257112Z"
