dependencies:
- name: elasticsearch
  repository: https://helm.elastic.co/
  version: 7.7.0
- name: postgresql
  repository: https://charts.bitnami.com/bitnami
  version: 8.10.6
- name: couchdb
  repository: https://apache.github.io/couchdb-helm
  version: 3.3.2
- name: rabbitmq
  repository: https://kubernetes-charts.storage.googleapis.com/
  version: 6.18.2
digest: sha256:7af306cb428ace021c781680b3cf83d0db10a0855b767cb520654de5ec4121e2
generated: "2020-10-04T01:19:48.990096408+01:00"
